{
    "_readme": [
        "This file locks the dependencies of your project to a known state",
        "Read more about it at https://getcomposer.org/doc/01-basic-usage.md#installing-dependencies",
        "This file is @generated automatically"
    ],
    "content-hash": "f0361d66c98b8f1d6404526c97e2a676",
    "packages": [
        {
            "name": "mikecao/flight",
            "version": "v1.3.7",
            "source": {
                "type": "git",
                "url": "https://github.com/mikecao/flight.git",
                "reference": "7d5970f7617861c868a5c728764421d8950faaf0"
            },
            "dist": {
                "type": "zip",
                "url": "https://api.github.com/repos/mikecao/flight/zipball/7d5970f7617861c868a5c728764421d8950faaf0",
                "reference": "7d5970f7617861c868a5c728764421d8950faaf0",
                "shasum": "",
                "mirrors": [
                    {
                        "url": "https://mirrors.aliyun.com/composer/dists/%package%/%reference%.%type%",
                        "preferred": true
                    }
                ]
            },
            "require": {
                "php": ">=5.3.0"
            },
            "require-dev": {
                "phpunit/phpunit": "~4.6"
            },
            "type": "library",
            "autoload": {
                "files": [
                    "flight/autoload.php",
                    "flight/Flight.php"
                ]
            },
            "notification-url": "https://packagist.org/downloads/",
            "license": [
                "MIT"
            ],
            "authors": [
                {
                    "name": "Mike Cao",
                    "email": "mike@mikecao.com",
                    "homepage": "http://www.mikecao.com/",
                    "role": "Original Developer"
                }
            ],
            "description": "Flight is a fast, simple, extensible framework for PHP. Flight enables you to quickly and easily build RESTful web applications.",
            "homepage": "http://flightphp.com",
            "time": "2018-11-23T23:05:33+00:00"
        },
        {
            "name": "ralouphie/mimey",
            "version": "2.1.0",
            "source": {
                "type": "git",
                "url": "https://github.com/ralouphie/mimey.git",
                "reference": "8f74e6da73f9df7bd965e4e123f3d8fb9acb89ba"
            },
            "dist": {
                "type": "zip",
                "url": "https://api.github.com/repos/ralouphie/mimey/zipball/8f74e6da73f9df7bd965e4e123f3d8fb9acb89ba",
                "reference": "8f74e6da73f9df7bd965e4e123f3d8fb9acb89ba",
                "shasum": "",
                "mirrors": [
                    {
                        "url": "https://mirrors.aliyun.com/composer/dists/%package%/%reference%.%type%",
                        "preferred": true
                    }
                ]
            },
            "require": {
                "php": "^5.4|^7.0"
            },
            "require-dev": {
                "php-coveralls/php-coveralls": "^1.1",
                "phpunit/phpunit": "^4.8 || ^5.7 || ^6.5"
            },
            "type": "library",
            "autoload": {
                "psr-4": {
                    "Mimey\\": "src/"
                }
            },
            "notification-url": "https://packagist.org/downloads/",
            "license": [
                "MIT"
            ],
            "authors": [
                {
                    "name": "Ralph Khattar",
                    "email": "ralph.khattar@gmail.com"
                }
            ],
            "description": "PHP package for converting file extensions to MIME types and vice versa.",
            "time": "2019-03-08T08:49:03+00:00"
        },
        {
            "name": "riverline/multipart-parser",
            "version": "2.0.8",
            "source": {
                "type": "git",
                "url": "https://github.com/Riverline/multipart-parser.git",
                "reference": "2fe9026789754c1ff07c06047f0acc113e90933a"
            },
            "dist": {
                "type": "zip",
                "url": "https://api.github.com/repos/Riverline/multipart-parser/zipball/2fe9026789754c1ff07c06047f0acc113e90933a",
                "reference": "2fe9026789754c1ff07c06047f0acc113e90933a",
                "shasum": "",
                "mirrors": [
                    {
                        "url": "https://mirrors.aliyun.com/composer/dists/%package%/%reference%.%type%",
                        "preferred": true
                    }
                ]
            },
            "require": {
                "ext-mbstring": "*",
                "php": ">=5.6.0"
            },
            "require-dev": {
                "laminas/laminas-diactoros": "^1.8.7",
                "phpunit/phpunit": "^5.2 || ^6.0 || ^7.0",
                "psr/http-message": "^1.0",
                "symfony/psr-http-message-bridge": "^1.1"
            },
            "type": "library",
            "autoload": {
                "psr-4": {
                    "Riverline\\MultiPartParser\\": "src/"
                }
            },
            "notification-url": "https://packagist.org/downloads/",
            "license": [
                "MIT"
            ],
            "authors": [
                {
                    "name": "Romain Cambien",
                    "email": "romain@cambien.net"
                },
                {
                    "name": "Riverline",
                    "homepage": "http://www.riverline.fr"
                }
            ],
            "description": "One class library to parse multipart content with encoding and charset support.",
            "keywords": [
                "http",
                "multipart",
                "parser"
            ],
            "time": "2020-01-24T09:39:24+00:00"
        },
        {
            "name": "xytoki/scf-flight",
            "version": "0.0.5",
            "source": {
                "type": "git",
                "url": "https://github.com/xytoki/scf-flight.git",
                "reference": "d8b5564db3add73b7e595e477b453f81837a4625"
            },
            "dist": {
                "type": "zip",
                "url": "https://api.github.com/repos/xytoki/scf-flight/zipball/d8b5564db3add73b7e595e477b453f81837a4625",
                "reference": "d8b5564db3add73b7e595e477b453f81837a4625",
                "shasum": "",
                "mirrors": [
                    {
                        "url": "https://mirrors.aliyun.com/composer/dists/%package%/%reference%.%type%",
                        "preferred": true
                    }
                ]
            },
            "require": {
                "ralouphie/mimey": "^2.1",
                "riverline/multipart-parser": "^2.0"
            },
            "type": "library",
            "autoload": {
                "files": [
                    "src/scf.php"
                ]
            },
            "notification-url": "https://packagist.org/downloads/",
            "license": [
                "MIT"
            ],
            "authors": [
                {
                    "name": "xytoki",
                    "email": "7547189+xytoki@users.noreply.github.com"
                }
            ],
            "description": "FlightPHP Framework for Tencent SCF environment.",
            "time": "2020-02-14T10:38:12+00:00"
        }
    ],
    "packages-dev": [],
    "aliases": [],
    "minimum-stability": "stable",
    "stability-flags": [],
    "prefer-stable": false,
    "prefer-lowest": false,
    "platform": [],
    "platform-dev": []
}
